Microsoft Visual Studio Solution File, Format Version 12.00
# Visual Studio Version 17
VisualStudioVersion = 17.5.2.0
MinimumVisualStudioVersion = 10.0.40219.1
Project("{FAE04EC0-301F-11D3-BF4B-00C04F79EFBC}") = "RecruitmentService", "RecruitmentService.csproj", "{5D0C1C63-23F2-B92F-EDBD-9FB4E143F845}"
EndProject
Global
	GlobalSection(SolutionConfigurationPlatforms) = preSolution
		Debug|Any CPU = Debug|Any CPU
		Release|Any CPU = Release|Any CPU
	EndGlobalSection
	GlobalSection(ProjectConfigurationPlatforms) = postSolution
		{5D0C1C63-23F2-B92F-EDBD-9FB4E143F845}.Debug|Any CPU.ActiveCfg = Debug|Any CPU
		{5D0C1C63-23F2-B92F-EDBD-9FB4E143F845}.Debug|Any CPU.Build.0 = Debug|Any CPU
		{5D0C1C63-23F2-B92F-EDBD-9FB4E143F845}.Release|Any CPU.ActiveCfg = Release|Any CPU
		{5D0C1C63-23F2-B92F-EDBD-9FB4E143F845}.Release|Any CPU.Build.0 = Release|Any CPU
	EndGlobalSection
	GlobalSection(SolutionProperties) = preSolution
		HideSolutionNode = FALSE
	EndGlobalSection
	GlobalSection(ExtensibilityGlobals) = postSolution
		SolutionGuid = {7B5B2DC5-4128-432A-B945-F45828C6353C}
	EndGlobalSection
EndGlobal
